
Microsoft Visual Studio Solution File, Format Version 12.00
# Visual Studio Version 16
VisualStudioVersion = 16.0.30128.74
MinimumVisualStudioVersion = 10.0.40219.1
Project("{2150E333-8FDC-42A3-9474-1A3956D46DE8}") = "Domain", "Domain", "{89AD1965-1B49-44E9-B4DE-23CE9EE3CFE1}"
EndProject
Project("{2150E333-8FDC-42A3-9474-1A3956D46DE8}") = "Microservices", "Microservices", "{FB07330D-5ABB-411C-AD7A-AA2AC441CE02}"
EndProject
Project("{2150E333-8FDC-42A3-9474-1A3956D46DE8}") = "Infra.Bus", "Infra.Bus", "{082BA932-8CAB-4A6C-81B9-D219FEFC1B0F}"
EndProject
Project("{2150E333-8FDC-42A3-9474-1A3956D46DE8}") = "Infra.IOC", "Infra.IOC", "{B6AF9E26-CFAA-4EF4-9653-27E61B33786B}"
EndProject
Project("{2150E333-8FDC-42A3-9474-1A3956D46DE8}") = "Presentation", "Presentation", "{FECA6461-B16A-4FE3-B06E-9F74336D494A}"
EndProject
Project("{9A19103F-16F7-4668-BE54-9A1E7A4F7556}") = "MicroRabbitTakeaway.Domain.Core", "MicroRabbitTakeaway.Domain.Core\MicroRabbitTakeaway.Domain.Core.csproj", "{34722532-8160-47F2-946B-ABBFFFA4FBF2}"
EndProject
Project("{9A19103F-16F7-4668-BE54-9A1E7A4F7556}") = "MicroRabbitTakeaway.Infra.Bus", "MicroRabbitTakeaway.Infra.Bus\MicroRabbitTakeaway.Infra.Bus.csproj", "{3B3D2A36-46DA-4FAD-869E-A4CE2EC84949}"
EndProject
Project("{9A19103F-16F7-4668-BE54-9A1E7A4F7556}") = "MicroRabbitTakeaway.Infra.IoC", "MicroRabbitTakeaway.Infra.IoC\MicroRabbitTakeaway.Infra.IoC.csproj", "{66385069-D9F5-434F-9DA8-D47C04B2DD13}"
EndProject
Project("{2150E333-8FDC-42A3-9474-1A3956D46DE8}") = "Banking", "Banking", "{5144004E-0ABE-482D-AFD8-A7344544B64D}"
EndProject
Project("{2150E333-8FDC-42A3-9474-1A3956D46DE8}") = "Api", "Api", "{10AF6D5D-1A96-4B1C-8509-BA7A3BEAF42E}"
EndProject
Project("{2150E333-8FDC-42A3-9474-1A3956D46DE8}") = "Domain", "Domain", "{DFA95962-AE89-4D92-84C7-4B3A59F1665D}"
EndProject
Project("{2150E333-8FDC-42A3-9474-1A3956D46DE8}") = "Application", "Application", "{6888238D-D12D-4FBA-B9F7-D68FB407A9F2}"
EndProject
Project("{2150E333-8FDC-42A3-9474-1A3956D46DE8}") = "Data", "Data", "{AC9ADF20-2B99-49DA-8B34-6D06F1E11A7F}"
EndProject
Project("{9A19103F-16F7-4668-BE54-9A1E7A4F7556}") = "MicroRabbitTakeaway.Banking.Api", "MicroRabbitTakeaway.Banking.Api\MicroRabbitTakeaway.Banking.Api.csproj", "{2F8A8657-CF9E-4B77-9ABB-216AC6F75538}"
EndProject
Project("{9A19103F-16F7-4668-BE54-9A1E7A4F7556}") = "MicroRabbitTakeaway.Banking.Application", "MicroRabbitTakeaway.Banking.Application\MicroRabbitTakeaway.Banking.Application.csproj", "{D869F792-F65F-4536-8ADD-55282075D775}"
EndProject
Project("{9A19103F-16F7-4668-BE54-9A1E7A4F7556}") = "MicroRabbitTakeaway.Banking.Data", "MicroRabbitTakeaway.Banking.Data\MicroRabbitTakeaway.Banking.Data.csproj", "{6D1CE740-CEDA-45B9-B0C2-9EC029D3A703}"
EndProject
Project("{9A19103F-16F7-4668-BE54-9A1E7A4F7556}") = "MicroRabbitTakeaway.Banking.Domain", "MicroRabbitTakeaway.Banking.Domain\MicroRabbitTakeaway.Banking.Domain.csproj", "{2A2972CC-F178-4D29-BFE2-32A99BF1CAB1}"
EndProject
Project("{2150E333-8FDC-42A3-9474-1A3956D46DE8}") = "Transfer", "Transfer", "{4C7AED10-3635-4CE5-9830-210C5D63D097}"
EndProject
Project("{2150E333-8FDC-42A3-9474-1A3956D46DE8}") = "Api", "Api", "{FA32E18D-0F54-40AC-82B7-5A54C4D47CC0}"
EndProject
Project("{2150E333-8FDC-42A3-9474-1A3956D46DE8}") = "Application", "Application", "{36CBAAD8-3F77-412A-BAEB-0433B81E5C6B}"
EndProject
Project("{2150E333-8FDC-42A3-9474-1A3956D46DE8}") = "Data", "Data", "{641B1A05-74D6-4367-9A2C-A2CA2E6E41AF}"
EndProject
Project("{2150E333-8FDC-42A3-9474-1A3956D46DE8}") = "Domain", "Domain", "{D5E56B15-29DD-406F-86B4-752D5DB60977}"
EndProject
Project("{9A19103F-16F7-4668-BE54-9A1E7A4F7556}") = "MicroRabbitTakeaway.Transfer.Api", "MicroRabbitTakeaway.Transfer.Api\MicroRabbitTakeaway.Transfer.Api.csproj", "{E34A9986-EA83-4CBC-830F-69605AC24B28}"
EndProject
Project("{9A19103F-16F7-4668-BE54-9A1E7A4F7556}") = "MicroRabbitTakeaway.Transfer.Application", "MicroRabbitTakeaway.Transfer.Application\MicroRabbitTakeaway.Transfer.Application.csproj", "{F8C08FDA-C341-47BE-83C0-1965805FC37E}"
EndProject
Project("{9A19103F-16F7-4668-BE54-9A1E7A4F7556}") = "MicroRabbitTakeaway.Transfer.Data", "MicroRabbitTakeaway.Transfer.Data\MicroRabbitTakeaway.Transfer.Data.csproj", "{E43512CF-2494-4032-BBD9-FDB630ED7D21}"
EndProject
Project("{9A19103F-16F7-4668-BE54-9A1E7A4F7556}") = "MicroRabbitTakeaway.Transfer.Domain", "MicroRabbitTakeaway.Transfer.Domain\MicroRabbitTakeaway.Transfer.Domain.csproj", "{29E7BEC7-DD6E-4491-A246-858FACA785F4}"
EndProject
Project("{FAE04EC0-301F-11D3-BF4B-00C04F79EFBC}") = "MicroRabbit.MVC", "MicroRabbit.MVC\MicroRabbit.MVC.csproj", "{D10F58EE-DDC5-4E08-8E8A-D1B0243CD969}"
EndProject
Global
	GlobalSection(SolutionConfigurationPlatforms) = preSolution
		Debug|Any CPU = Debug|Any CPU
		Release|Any CPU = Release|Any CPU
	EndGlobalSection
	GlobalSection(ProjectConfigurationPlatforms) = postSolution
		{34722532-8160-47F2-946B-ABBFFFA4FBF2}.Debug|Any CPU.ActiveCfg = Debug|Any CPU
		{34722532-8160-47F2-946B-ABBFFFA4FBF2}.Debug|Any CPU.Build.0 = Debug|Any CPU
		{34722532-8160-47F2-946B-ABBFFFA4FBF2}.Release|Any CPU.ActiveCfg = Release|Any CPU
		{34722532-8160-47F2-946B-ABBFFFA4FBF2}.Release|Any CPU.Build.0 = Release|Any CPU
		{3B3D2A36-46DA-4FAD-869E-A4CE2EC84949}.Debug|Any CPU.ActiveCfg = Debug|Any CPU
		{3B3D2A36-46DA-4FAD-869E-A4CE2EC84949}.Debug|Any CPU.Build.0 = Debug|Any CPU
		{3B3D2A36-46DA-4FAD-869E-A4CE2EC84949}.Release|Any CPU.ActiveCfg = Release|Any CPU
		{3B3D2A36-46DA-4FAD-869E-A4CE2EC84949}.Release|Any CPU.Build.0 = Release|Any CPU
		{66385069-D9F5-434F-9DA8-D47C04B2DD13}.Debug|Any CPU.ActiveCfg = Debug|Any CPU
		{66385069-D9F5-434F-9DA8-D47C04B2DD13}.Debug|Any CPU.Build.0 = Debug|Any CPU
		{66385069-D9F5-434F-9DA8-D47C04B2DD13}.Release|Any CPU.ActiveCfg = Release|Any CPU
		{66385069-D9F5-434F-9DA8-D47C04B2DD13}.Release|Any CPU.Build.0 = Release|Any CPU
		{2F8A8657-CF9E-4B77-9ABB-216AC6F75538}.Debug|Any CPU.ActiveCfg = Debug|Any CPU
		{2F8A8657-CF9E-4B77-9ABB-216AC6F75538}.Debug|Any CPU.Build.0 = Debug|Any CPU
		{2F8A8657-CF9E-4B77-9ABB-216AC6F75538}.Release|Any CPU.ActiveCfg = Release|Any CPU
		{2F8A8657-CF9E-4B77-9ABB-216AC6F75538}.Release|Any CPU.Build.0 = Release|Any CPU
		{D869F792-F65F-4536-8ADD-55282075D775}.Debug|Any CPU.ActiveCfg = Debug|Any CPU
		{D869F792-F65F-4536-8ADD-55282075D775}.Debug|Any CPU.Build.0 = Debug|Any CPU
		{D869F792-F65F-4536-8ADD-55282075D775}.Release|Any CPU.ActiveCfg = Release|Any CPU
		{D869F792-F65F-4536-8ADD-55282075D775}.Release|Any CPU.Build.0 = Release|Any CPU
		{6D1CE740-CEDA-45B9-B0C2-9EC029D3A703}.Debug|Any CPU.ActiveCfg = Debug|Any CPU
		{6D1CE740-CEDA-45B9-B0C2-9EC029D3A703}.Debug|Any CPU.Build.0 = Debug|Any CPU
		{6D1CE740-CEDA-45B9-B0C2-9EC029D3A703}.Release|Any CPU.ActiveCfg = Release|Any CPU
		{6D1CE740-CEDA-45B9-B0C2-9EC029D3A703}.Release|Any CPU.Build.0 = Release|Any CPU
		{2A2972CC-F178-4D29-BFE2-32A99BF1CAB1}.Debug|Any CPU.ActiveCfg = Debug|Any CPU
		{2A2972CC-F178-4D29-BFE2-32A99BF1CAB1}.Debug|Any CPU.Build.0 = Debug|Any CPU
		{2A2972CC-F178-4D29-BFE2-32A99BF1CAB1}.Release|Any CPU.ActiveCfg = Release|Any CPU
		{2A2972CC-F178-4D29-BFE2-32A99BF1CAB1}.Release|Any CPU.Build.0 = Release|Any CPU
		{E34A9986-EA83-4CBC-830F-69605AC24B28}.Debug|Any CPU.ActiveCfg = Debug|Any CPU
		{E34A9986-EA83-4CBC-830F-69605AC24B28}.Debug|Any CPU.Build.0 = Debug|Any CPU
		{E34A9986-EA83-4CBC-830F-69605AC24B28}.Release|Any CPU.ActiveCfg = Release|Any CPU
		{E34A9986-EA83-4CBC-830F-69605AC24B28}.Release|Any CPU.Build.0 = Release|Any CPU
		{F8C08FDA-C341-47BE-83C0-1965805FC37E}.Debug|Any CPU.ActiveCfg = Debug|Any CPU
		{F8C08FDA-C341-47BE-83C0-1965805FC37E}.Debug|Any CPU.Build.0 = Debug|Any CPU
		{F8C08FDA-C341-47BE-83C0-1965805FC37E}.Release|Any CPU.ActiveCfg = Release|Any CPU
		{F8C08FDA-C341-47BE-83C0-1965805FC37E}.Release|Any CPU.Build.0 = Release|Any CPU
		{E43512CF-2494-4032-BBD9-FDB630ED7D21}.Debug|Any CPU.ActiveCfg = Debug|Any CPU
		{E43512CF-2494-4032-BBD9-FDB630ED7D21}.Debug|Any CPU.Build.0 = Debug|Any CPU
		{E43512CF-2494-4032-BBD9-FDB630ED7D21}.Release|Any CPU.ActiveCfg = Release|Any CPU
		{E43512CF-2494-4032-BBD9-FDB630ED7D21}.Release|Any CPU.Build.0 = Release|Any CPU
		{29E7BEC7-DD6E-4491-A246-858FACA785F4}.Debug|Any CPU.ActiveCfg = Debug|Any CPU
		{29E7BEC7-DD6E-4491-A246-858FACA785F4}.Debug|Any CPU.Build.0 = Debug|Any CPU
		{29E7BEC7-DD6E-4491-A246-858FACA785F4}.Release|Any CPU.ActiveCfg = Release|Any CPU
		{29E7BEC7-DD6E-4491-A246-858FACA785F4}.Release|Any CPU.Build.0 = Release|Any CPU
		{D10F58EE-DDC5-4E08-8E8A-D1B0243CD969}.Debug|Any CPU.ActiveCfg = Debug|Any CPU
		{D10F58EE-DDC5-4E08-8E8A-D1B0243CD969}.Debug|Any CPU.Build.0 = Debug|Any CPU
		{D10F58EE-DDC5-4E08-8E8A-D1B0243CD969}.Release|Any CPU.ActiveCfg = Release|Any CPU
		{D10F58EE-DDC5-4E08-8E8A-D1B0243CD969}.Release|Any CPU.Build.0 = Release|Any CPU
	EndGlobalSection
	GlobalSection(SolutionProperties) = preSolution
		HideSolutionNode = FALSE
	EndGlobalSection
	GlobalSection(NestedProjects) = preSolution
		{34722532-8160-47F2-946B-ABBFFFA4FBF2} = {89AD1965-1B49-44E9-B4DE-23CE9EE3CFE1}
		{3B3D2A36-46DA-4FAD-869E-A4CE2EC84949} = {082BA932-8CAB-4A6C-81B9-D219FEFC1B0F}
		{66385069-D9F5-434F-9DA8-D47C04B2DD13} = {B6AF9E26-CFAA-4EF4-9653-27E61B33786B}
		{5144004E-0ABE-482D-AFD8-A7344544B64D} = {FB07330D-5ABB-411C-AD7A-AA2AC441CE02}
		{10AF6D5D-1A96-4B1C-8509-BA7A3BEAF42E} = {5144004E-0ABE-482D-AFD8-A7344544B64D}
		{DFA95962-AE89-4D92-84C7-4B3A59F1665D} = {5144004E-0ABE-482D-AFD8-A7344544B64D}
		{6888238D-D12D-4FBA-B9F7-D68FB407A9F2} = {5144004E-0ABE-482D-AFD8-A7344544B64D}
		{AC9ADF20-2B99-49DA-8B34-6D06F1E11A7F} = {5144004E-0ABE-482D-AFD8-A7344544B64D}
		{2F8A8657-CF9E-4B77-9ABB-216AC6F75538} = {10AF6D5D-1A96-4B1C-8509-BA7A3BEAF42E}
		{D869F792-F65F-4536-8ADD-55282075D775} = {6888238D-D12D-4FBA-B9F7-D68FB407A9F2}
		{6D1CE740-CEDA-45B9-B0C2-9EC029D3A703} = {AC9ADF20-2B99-49DA-8B34-6D06F1E11A7F}
		{2A2972CC-F178-4D29-BFE2-32A99BF1CAB1} = {DFA95962-AE89-4D92-84C7-4B3A59F1665D}
		{4C7AED10-3635-4CE5-9830-210C5D63D097} = {FB07330D-5ABB-411C-AD7A-AA2AC441CE02}
		{FA32E18D-0F54-40AC-82B7-5A54C4D47CC0} = {4C7AED10-3635-4CE5-9830-210C5D63D097}
		{36CBAAD8-3F77-412A-BAEB-0433B81E5C6B} = {4C7AED10-3635-4CE5-9830-210C5D63D097}
		{641B1A05-74D6-4367-9A2C-A2CA2E6E41AF} = {4C7AED10-3635-4CE5-9830-210C5D63D097}
		{D5E56B15-29DD-406F-86B4-752D5DB60977} = {4C7AED10-3635-4CE5-9830-210C5D63D097}
		{E34A9986-EA83-4CBC-830F-69605AC24B28} = {FA32E18D-0F54-40AC-82B7-5A54C4D47CC0}
		{F8C08FDA-C341-47BE-83C0-1965805FC37E} = {36CBAAD8-3F77-412A-BAEB-0433B81E5C6B}
		{E43512CF-2494-4032-BBD9-FDB630ED7D21} = {641B1A05-74D6-4367-9A2C-A2CA2E6E41AF}
		{29E7BEC7-DD6E-4491-A246-858FACA785F4} = {D5E56B15-29DD-406F-86B4-752D5DB60977}
		{D10F58EE-DDC5-4E08-8E8A-D1B0243CD969} = {FECA6461-B16A-4FE3-B06E-9F74336D494A}
	EndGlobalSection
	GlobalSection(ExtensibilityGlobals) = postSolution
		SolutionGuid = {71AD88E3-C5F7-4EC5-9EC7-F50DA7AAF4F8}
	EndGlobalSection
EndGlobal
